// !$*UTF8*$!
{
	archiveVersion = 1;
	classes = {
	};
	objectVersion = 51;
	objects = {

/* Begin PBXBuildFile section */
		18244AE5267E0E6A003D382A /* AppDelegate.swift in Sources */ = {isa = PBXBuildFile; fileRef = 18244AE4267E0E6A003D382A /* AppDelegate.swift */; };
		18244AE7267E0E6A003D382A /* SceneDelegate.swift in Sources */ = {isa = PBXBuildFile; fileRef = 18244AE6267E0E6A003D382A /* SceneDelegate.swift */; };
		18244AEE267E0E6B003D382A /* Assets.xcassets in Resources */ = {isa = PBXBuildFile; fileRef = 18244AED267E0E6B003D382A /* Assets.xcassets */; };
		18244AF1267E0E6B003D382A /* LaunchScreen.storyboard in Resources */ = {isa = PBXBuildFile; fileRef = 18244AEF267E0E6B003D382A /* LaunchScreen.storyboard */; };
		18244AFC267E0E6B003D382A /* DiscoveryAppTests.swift in Sources */ = {isa = PBXBuildFile; fileRef = 18244AFB267E0E6B003D382A /* DiscoveryAppTests.swift */; };
		18244B07267E0E6B003D382A /* DiscoveryAppUITests.swift in Sources */ = {isa = PBXBuildFile; fileRef = 18244B06267E0E6B003D382A /* DiscoveryAppUITests.swift */; };
		18244B1A267E1338003D382A /* HomeViewController.swift in Sources */ = {isa = PBXBuildFile; fileRef = 18244B18267E1338003D382A /* HomeViewController.swift */; };
		18244B1B267E1338003D382A /* HomeViewController.xib in Resources */ = {isa = PBXBuildFile; fileRef = 18244B19267E1338003D382A /* HomeViewController.xib */; };
		18244B1F267E167B003D382A /* Value.swift in Sources */ = {isa = PBXBuildFile; fileRef = 18244B1E267E167B003D382A /* Value.swift */; };
		18244B23267E17AA003D382A /* HomeViewModel.swift in Sources */ = {isa = PBXBuildFile; fileRef = 18244B22267E17AA003D382A /* HomeViewModel.swift */; };
		1865AF3E267E1FF700B2B59E /* APIConfiguration.swift in Sources */ = {isa = PBXBuildFile; fileRef = 1865AF3D267E1FF700B2B59E /* APIConfiguration.swift */; };
		1865AF43267E201A00B2B59E /* APIManager.swift in Sources */ = {isa = PBXBuildFile; fileRef = 1865AF42267E201A00B2B59E /* APIManager.swift */; };
		1865AF48267E204500B2B59E /* APIRouter.swift in Sources */ = {isa = PBXBuildFile; fileRef = 1865AF47267E204500B2B59E /* APIRouter.swift */; };
		1865AF4D267E208000B2B59E /* AuthService.swift in Sources */ = {isa = PBXBuildFile; fileRef = 1865AF4C267E208000B2B59E /* AuthService.swift */; };
		1865AF52267E209D00B2B59E /* ResponseError.swift in Sources */ = {isa = PBXBuildFile; fileRef = 1865AF51267E209D00B2B59E /* ResponseError.swift */; };
		4370C0E221065335B85DEFC3 /* Pods_DiscoveryApp.framework in Frameworks */ = {isa = PBXBuildFile; fileRef = CFDF1E2E976E62F60413A514 /* Pods_DiscoveryApp.framework */; };
		5A1B525BEF9086196F3978A3 /* Pods_DiscoveryApp_DiscoveryAppUITests.framework in Frameworks */ = {isa = PBXBuildFile; fileRef = C8D935F8518219D4263584A4 /* Pods_DiscoveryApp_DiscoveryAppUITests.framework */; };
		919F27BCEFEEE80F691DD0FE /* Pods_DiscoveryAppTests.framework in Frameworks */ = {isa = PBXBuildFile; fileRef = DF8A2DECF1A61AB6A331F0C2 /* Pods_DiscoveryAppTests.framework */; };
/* End PBXBuildFile section */

/* Begin PBXContainerItemProxy section */
		18244AF8267E0E6B003D382A /* PBXContainerItemProxy */ = {
			isa = PBXContainerItemProxy;
			containerPortal = 18244AD9267E0E6A003D382A /* Project object */;
			proxyType = 1;
			remoteGlobalIDString = 18244AE0267E0E6A003D382A;
			remoteInfo = DiscoveryApp;
		};
		18244B03267E0E6B003D382A /* PBXContainerItemProxy */ = {
			isa = PBXContainerItemProxy;
			containerPortal = 18244AD9267E0E6A003D382A /* Project object */;
			proxyType = 1;
			remoteGlobalIDString = 18244AE0267E0E6A003D382A;
			remoteInfo = DiscoveryApp;
		};
/* End PBXContainerItemProxy section */

/* Begin PBXFileReference section */
		0DAC2336E97505692F8D6B40 /* Pods-DiscoveryApp-DiscoveryAppUITests.debug.xcconfig */ = {isa = PBXFileReference; includeInIndex = 1; lastKnownFileType = text.xcconfig; name = "Pods-DiscoveryApp-DiscoveryAppUITests.debug.xcconfig"; path = "Target Support Files/Pods-DiscoveryApp-DiscoveryAppUITests/Pods-DiscoveryApp-DiscoveryAppUITests.debug.xcconfig"; sourceTree = "<group>"; };
		18244AE1267E0E6A003D382A /* DiscoveryApp.app */ = {isa = PBXFileReference; explicitFileType = wrapper.application; includeInIndex = 0; path = DiscoveryApp.app; sourceTree = BUILT_PRODUCTS_DIR; };
		18244AE4267E0E6A003D382A /* AppDelegate.swift */ = {isa = PBXFileReference; lastKnownFileType = sourcecode.swift; path = AppDelegate.swift; sourceTree = "<group>"; };
		18244AE6267E0E6A003D382A /* SceneDelegate.swift */ = {isa = PBXFileReference; lastKnownFileType = sourcecode.swift; path = SceneDelegate.swift; sourceTree = "<group>"; };
		18244AED267E0E6B003D382A /* Assets.xcassets */ = {isa = PBXFileReference; lastKnownFileType = folder.assetcatalog; path = Assets.xcassets; sourceTree = "<group>"; };
		18244AF0267E0E6B003D382A /* Base */ = {isa = PBXFileReference; lastKnownFileType = file.storyboard; name = Base; path = Base.lproj/LaunchScreen.storyboard; sourceTree = "<group>"; };
		18244AF2267E0E6B003D382A /* Info.plist */ = {isa = PBXFileReference; lastKnownFileType = text.plist.xml; path = Info.plist; sourceTree = "<group>"; };
		18244AF7267E0E6B003D382A /* DiscoveryAppTests.xctest */ = {isa = PBXFileReference; explicitFileType = wrapper.cfbundle; includeInIndex = 0; path = DiscoveryAppTests.xctest; sourceTree = BUILT_PRODUCTS_DIR; };
		18244AFB267E0E6B003D382A /* DiscoveryAppTests.swift */ = {isa = PBXFileReference; lastKnownFileType = sourcecode.swift; path = DiscoveryAppTests.swift; sourceTree = "<group>"; };
		18244AFD267E0E6B003D382A /* Info.plist */ = {isa = PBXFileReference; lastKnownFileType = text.plist.xml; path = Info.plist; sourceTree = "<group>"; };
		18244B02267E0E6B003D382A /* DiscoveryAppUITests.xctest */ = {isa = PBXFileReference; explicitFileType = wrapper.cfbundle; includeInIndex = 0; path = DiscoveryAppUITests.xctest; sourceTree = BUILT_PRODUCTS_DIR; };
		18244B06267E0E6B003D382A /* DiscoveryAppUITests.swift */ = {isa = PBXFileReference; lastKnownFileType = sourcecode.swift; path = DiscoveryAppUITests.swift; sourceTree = "<group>"; };
		18244B08267E0E6B003D382A /* Info.plist */ = {isa = PBXFileReference; lastKnownFileType = text.plist.xml; path = Info.plist; sourceTree = "<group>"; };
		18244B18267E1338003D382A /* HomeViewController.swift */ = {isa = PBXFileReference; lastKnownFileType = sourcecode.swift; path = HomeViewController.swift; sourceTree = "<group>"; };
		18244B19267E1338003D382A /* HomeViewController.xib */ = {isa = PBXFileReference; lastKnownFileType = file.xib; path = HomeViewController.xib; sourceTree = "<group>"; };
		18244B1E267E167B003D382A /* Value.swift */ = {isa = PBXFileReference; lastKnownFileType = sourcecode.swift; path = Value.swift; sourceTree = "<group>"; };
		18244B22267E17AA003D382A /* HomeViewModel.swift */ = {isa = PBXFileReference; lastKnownFileType = sourcecode.swift; path = HomeViewModel.swift; sourceTree = "<group>"; };
		1865AF3D267E1FF700B2B59E /* APIConfiguration.swift */ = {isa = PBXFileReference; lastKnownFileType = sourcecode.swift; path = APIConfiguration.swift; sourceTree = "<group>"; };
		1865AF42267E201A00B2B59E /* APIManager.swift */ = {isa = PBXFileReference; lastKnownFileType = sourcecode.swift; path = APIManager.swift; sourceTree = "<group>"; };
		1865AF47267E204500B2B59E /* APIRouter.swift */ = {isa = PBXFileReference; lastKnownFileType = sourcecode.swift; path = APIRouter.swift; sourceTree = "<group>"; };
		1865AF4C267E208000B2B59E /* AuthService.swift */ = {isa = PBXFileReference; lastKnownFileType = sourcecode.swift; path = AuthService.swift; sourceTree = "<group>"; };
		1865AF51267E209D00B2B59E /* ResponseError.swift */ = {isa = PBXFileReference; lastKnownFileType = sourcecode.swift; path = ResponseError.swift; sourceTree = "<group>"; };
		32170CD82B62959AF9DE74BE /* Pods-DiscoveryApp.debug.xcconfig */ = {isa = PBXFileReference; includeInIndex = 1; lastKnownFileType = text.xcconfig; name = "Pods-DiscoveryApp.debug.xcconfig"; path = "Target Support Files/Pods-DiscoveryApp/Pods-DiscoveryApp.debug.xcconfig"; sourceTree = "<group>"; };
		54B3DC8461C05A11576243A6 /* Pods-DiscoveryApp-DiscoveryAppUITests.release.xcconfig */ = {isa = PBXFileReference; includeInIndex = 1; lastKnownFileType = text.xcconfig; name = "Pods-DiscoveryApp-DiscoveryAppUITests.release.xcconfig"; path = "Target Support Files/Pods-DiscoveryApp-DiscoveryAppUITests/Pods-DiscoveryApp-DiscoveryAppUITests.release.xcconfig"; sourceTree = "<group>"; };
		7C22181553212072B64470A0 /* Pods-DiscoveryAppTests.release.xcconfig */ = {isa = PBXFileReference; includeInIndex = 1; lastKnownFileType = text.xcconfig; name = "Pods-DiscoveryAppTests.release.xcconfig"; path = "Target Support Files/Pods-DiscoveryAppTests/Pods-DiscoveryAppTests.release.xcconfig"; sourceTree = "<group>"; };
		C8D935F8518219D4263584A4 /* Pods_DiscoveryApp_DiscoveryAppUITests.framework */ = {isa = PBXFileReference; explicitFileType = wrapper.framework; includeInIndex = 0; path = Pods_DiscoveryApp_DiscoveryAppUITests.framework; sourceTree = BUILT_PRODUCTS_DIR; };
		C93BDBD4CCE3F8BD6A0EFA52 /* Pods-DiscoveryApp.release.xcconfig */ = {isa = PBXFileReference; includeInIndex = 1; lastKnownFileType = text.xcconfig; name = "Pods-DiscoveryApp.release.xcconfig"; path = "Target Support Files/Pods-DiscoveryApp/Pods-DiscoveryApp.release.xcconfig"; sourceTree = "<group>"; };
		CFDF1E2E976E62F60413A514 /* Pods_DiscoveryApp.framework */ = {isa = PBXFileReference; explicitFileType = wrapper.framework; includeInIndex = 0; path = Pods_DiscoveryApp.framework; sourceTree = BUILT_PRODUCTS_DIR; };
		DF8A2DECF1A61AB6A331F0C2 /* Pods_DiscoveryAppTests.framework */ = {isa = PBXFileReference; explicitFileType = wrapper.framework; includeInIndex = 0; path = Pods_DiscoveryAppTests.framework; sourceTree = BUILT_PRODUCTS_DIR; };
		E9403CD246930ECA0A4C6166 /* Pods-DiscoveryAppTests.debug.xcconfig */ = {isa = PBXFileReference; includeInIndex = 1; lastKnownFileType = text.xcconfig; name = "Pods-DiscoveryAppTests.debug.xcconfig"; path = "Target Support Files/Pods-DiscoveryAppTests/Pods-DiscoveryAppTests.debug.xcconfig"; sourceTree = "<group>"; };
/* End PBXFileReference section */

/* Begin PBXFrameworksBuildPhase section */
		18244ADE267E0E6A003D382A /* Frameworks */ = {
			isa = PBXFrameworksBuildPhase;
			buildActionMask = 2147483647;
			files = (
				4370C0E221065335B85DEFC3 /* Pods_DiscoveryApp.framework in Frameworks */,
			);
			runOnlyForDeploymentPostprocessing = 0;
		};
		18244AF4267E0E6B003D382A /* Frameworks */ = {
			isa = PBXFrameworksBuildPhase;
			buildActionMask = 2147483647;
			files = (
				919F27BCEFEEE80F691DD0FE /* Pods_DiscoveryAppTests.framework in Frameworks */,
			);
			runOnlyForDeploymentPostprocessing = 0;
		};
		18244AFF267E0E6B003D382A /* Frameworks */ = {
			isa = PBXFrameworksBuildPhase;
			buildActionMask = 2147483647;
			files = (
				5A1B525BEF9086196F3978A3 /* Pods_DiscoveryApp_DiscoveryAppUITests.framework in Frameworks */,
			);
			runOnlyForDeploymentPostprocessing = 0;
		};
/* End PBXFrameworksBuildPhase section */

/* Begin PBXGroup section */
		18244AD8267E0E6A003D382A = {
			isa = PBXGroup;
			children = (
				18244AE3267E0E6A003D382A /* DiscoveryApp */,
				18244AFA267E0E6B003D382A /* DiscoveryAppTests */,
				18244B05267E0E6B003D382A /* DiscoveryAppUITests */,
				18244AE2267E0E6A003D382A /* Products */,
				7EAA315E1982E5C926D72787 /* Pods */,
				7E7EDD910722FE6510AB5AA6 /* Frameworks */,
			);
			sourceTree = "<group>";
		};
		18244AE2267E0E6A003D382A /* Products */ = {
			isa = PBXGroup;
			children = (
				18244AE1267E0E6A003D382A /* DiscoveryApp.app */,
				18244AF7267E0E6B003D382A /* DiscoveryAppTests.xctest */,
				18244B02267E0E6B003D382A /* DiscoveryAppUITests.xctest */,
			);
			name = Products;
			sourceTree = "<group>";
		};
		18244AE3267E0E6A003D382A /* DiscoveryApp */ = {
			isa = PBXGroup;
			children = (
				18244B21267E1796003D382A /* ViewModel */,
				18244B20267E1713003D382A /* Model */,
				18244B1D267E164A003D382A /* Constants */,
				18244B1C267E1514003D382A /* Networking */,
				18244B14267E10EE003D382A /* View */,
				18244AE4267E0E6A003D382A /* AppDelegate.swift */,
				18244AE6267E0E6A003D382A /* SceneDelegate.swift */,
				18244AED267E0E6B003D382A /* Assets.xcassets */,
				18244AEF267E0E6B003D382A /* LaunchScreen.storyboard */,
				18244AF2267E0E6B003D382A /* Info.plist */,
			);
			path = DiscoveryApp;
			sourceTree = "<group>";
		};
		18244AFA267E0E6B003D382A /* DiscoveryAppTests */ = {
			isa = PBXGroup;
			children = (
				18244AFB267E0E6B003D382A /* DiscoveryAppTests.swift */,
				18244AFD267E0E6B003D382A /* Info.plist */,
			);
			path = DiscoveryAppTests;
			sourceTree = "<group>";
		};
		18244B05267E0E6B003D382A /* DiscoveryAppUITests */ = {
			isa = PBXGroup;
			children = (
				18244B06267E0E6B003D382A /* DiscoveryAppUITests.swift */,
				18244B08267E0E6B003D382A /* Info.plist */,
			);
			path = DiscoveryAppUITests;
			sourceTree = "<group>";
		};
		18244B14267E10EE003D382A /* View */ = {
			isa = PBXGroup;
			children = (
				18244B15267E1121003D382A /* Home */,
			);
			path = View;
			sourceTree = "<group>";
		};
		18244B15267E1121003D382A /* Home */ = {
			isa = PBXGroup;
			children = (
				18244B18267E1338003D382A /* HomeViewController.swift */,
				18244B19267E1338003D382A /* HomeViewController.xib */,
			);
			path = Home;
			sourceTree = "<group>";
		};
		18244B1C267E1514003D382A /* Networking */ = {
			isa = PBXGroup;
			children = (
				1865AF3D267E1FF700B2B59E /* APIConfiguration.swift */,
				1865AF42267E201A00B2B59E /* APIManager.swift */,
				1865AF47267E204500B2B59E /* APIRouter.swift */,
				1865AF4C267E208000B2B59E /* AuthService.swift */,
			);
			path = Networking;
			sourceTree = "<group>";
		};
		18244B1D267E164A003D382A /* Constants */ = {
			isa = PBXGroup;
			children = (
				18244B1E267E167B003D382A /* Value.swift */,
			);
			path = Constants;
			sourceTree = "<group>";
		};
		18244B20267E1713003D382A /* Model */ = {
			isa = PBXGroup;
			children = (
				1865AF51267E209D00B2B59E /* ResponseError.swift */,
			);
			path = Model;
			sourceTree = "<group>";
		};
		18244B21267E1796003D382A /* ViewModel */ = {
			isa = PBXGroup;
			children = (
				18244B22267E17AA003D382A /* HomeViewModel.swift */,
			);
			path = ViewModel;
			sourceTree = "<group>";
		};
		7E7EDD910722FE6510AB5AA6 /* Frameworks */ = {
			isa = PBXGroup;
			children = (
				CFDF1E2E976E62F60413A514 /* Pods_DiscoveryApp.framework */,
				C8D935F8518219D4263584A4 /* Pods_DiscoveryApp_DiscoveryAppUITests.framework */,
				DF8A2DECF1A61AB6A331F0C2 /* Pods_DiscoveryAppTests.framework */,
			);
			name = Frameworks;
			sourceTree = "<group>";
		};
		7EAA315E1982E5C926D72787 /* Pods */ = {
			isa = PBXGroup;
			children = (
				32170CD82B62959AF9DE74BE /* Pods-DiscoveryApp.debug.xcconfig */,
				C93BDBD4CCE3F8BD6A0EFA52 /* Pods-DiscoveryApp.release.xcconfig */,
				0DAC2336E97505692F8D6B40 /* Pods-DiscoveryApp-DiscoveryAppUITests.debug.xcconfig */,
				54B3DC8461C05A11576243A6 /* Pods-DiscoveryApp-DiscoveryAppUITests.release.xcconfig */,
				E9403CD246930ECA0A4C6166 /* Pods-DiscoveryAppTests.debug.xcconfig */,
				7C22181553212072B64470A0 /* Pods-DiscoveryAppTests.release.xcconfig */,
			);
			path = Pods;
			sourceTree = "<group>";
		};
/* End PBXGroup section */

/* Begin PBXNativeTarget section */
		18244AE0267E0E6A003D382A /* DiscoveryApp */ = {
			isa = PBXNativeTarget;
			buildConfigurationList = 18244B0B267E0E6B003D382A /* Build configuration list for PBXNativeTarget "DiscoveryApp" */;
			buildPhases = (
				E5645BE98CFB9C6F36A1F554 /* [CP] Check Pods Manifest.lock */,
				18244ADD267E0E6A003D382A /* Sources */,
				18244ADE267E0E6A003D382A /* Frameworks */,
				18244ADF267E0E6A003D382A /* Resources */,
				6F21EB95D6425A955BB73E8C /* [CP] Embed Pods Frameworks */,
			);
			buildRules = (
			);
			dependencies = (
			);
			name = DiscoveryApp;
			productName = DiscoveryApp;
			productReference = 18244AE1267E0E6A003D382A /* DiscoveryApp.app */;
			productType = "com.apple.product-type.application";
		};
		18244AF6267E0E6B003D382A /* DiscoveryAppTests */ = {
			isa = PBXNativeTarget;
			buildConfigurationList = 18244B0E267E0E6B003D382A /* Build configuration list for PBXNativeTarget "DiscoveryAppTests" */;
			buildPhases = (
				D415235012CEDE07519E23EB /* [CP] Check Pods Manifest.lock */,
				18244AF3267E0E6B003D382A /* Sources */,
				18244AF4267E0E6B003D382A /* Frameworks */,
				18244AF5267E0E6B003D382A /* Resources */,
			);
			buildRules = (
			);
			dependencies = (
				18244AF9267E0E6B003D382A /* PBXTargetDependency */,
			);
			name = DiscoveryAppTests;
			productName = DiscoveryAppTests;
			productReference = 18244AF7267E0E6B003D382A /* DiscoveryAppTests.xctest */;
			productType = "com.apple.product-type.bundle.unit-test";
		};
		18244B01267E0E6B003D382A /* DiscoveryAppUITests */ = {
			isa = PBXNativeTarget;
			buildConfigurationList = 18244B11267E0E6B003D382A /* Build configuration list for PBXNativeTarget "DiscoveryAppUITests" */;
			buildPhases = (
				DE9526F743885F68C23677B6 /* [CP] Check Pods Manifest.lock */,
				18244AFE267E0E6B003D382A /* Sources */,
				18244AFF267E0E6B003D382A /* Frameworks */,
				18244B00267E0E6B003D382A /* Resources */,
				EAA8D0712CD8CEB9D85C9F9D /* [CP] Embed Pods Frameworks */,
			);
			buildRules = (
			);
			dependencies = (
				18244B04267E0E6B003D382A /* PBXTargetDependency */,
			);
			name = DiscoveryAppUITests;
			productName = DiscoveryAppUITests;
			productReference = 18244B02267E0E6B003D382A /* DiscoveryAppUITests.xctest */;
			productType = "com.apple.product-type.bundle.ui-testing";
		};
/* End PBXNativeTarget section */

/* Begin PBXProject section */
		18244AD9267E0E6A003D382A /* Project object */ = {
			isa = PBXProject;
			attributes = {
				LastSwiftUpdateCheck = 1250;
				LastUpgradeCheck = 1250;
				TargetAttributes = {
					18244AE0267E0E6A003D382A = {
						CreatedOnToolsVersion = 12.5;
					};
					18244AF6267E0E6B003D382A = {
						CreatedOnToolsVersion = 12.5;
						TestTargetID = 18244AE0267E0E6A003D382A;
					};
					18244B01267E0E6B003D382A = {
						CreatedOnToolsVersion = 12.5;
						TestTargetID = 18244AE0267E0E6A003D382A;
					};
				};
			};
			buildConfigurationList = 18244ADC267E0E6A003D382A /* Build configuration list for PBXProject "DiscoveryApp" */;
			compatibilityVersion = "Xcode 9.3";
			developmentRegion = en;
			hasScannedForEncodings = 0;
			knownRegions = (
				en,
				Base,
			);
			mainGroup = 18244AD8267E0E6A003D382A;
			productRefGroup = 18244AE2267E0E6A003D382A /* Products */;
			projectDirPath = "";
			projectRoot = "";
			targets = (
				18244AE0267E0E6A003D382A /* DiscoveryApp */,
				18244AF6267E0E6B003D382A /* DiscoveryAppTests */,
				18244B01267E0E6B003D382A /* DiscoveryAppUITests */,
			);
		};
/* End PBXProject section */

/* Begin PBXResourcesBuildPhase section */
		18244ADF267E0E6A003D382A /* Resources */ = {
			isa = PBXResourcesBuildPhase;
			buildActionMask = 2147483647;
			files = (
				18244AF1267E0E6B003D382A /* LaunchScreen.storyboard in Resources */,
				18244AEE267E0E6B003D382A /* Assets.xcassets in Resources */,
				18244B1B267E1338003D382A /* HomeViewController.xib in Resources */,
			);
			runOnlyForDeploymentPostprocessing = 0;
		};
		18244AF5267E0E6B003D382A /* Resources */ = {
			isa = PBXResourcesBuildPhase;
			buildActionMask = 2147483647;
			files = (
			);
			runOnlyForDeploymentPostprocessing = 0;
		};
		18244B00267E0E6B003D382A /* Resources */ = {
			isa = PBXResourcesBuildPhase;
			buildActionMask = 2147483647;
			files = (
			);
			runOnlyForDeploymentPostprocessing = 0;
		};
/* End PBXResourcesBuildPhase section */

/* Begin PBXShellScriptBuildPhase section */
		6F21EB95D6425A955BB73E8C /* [CP] Embed Pods Frameworks */ = {
			isa = PBXShellScriptBuildPhase;
			buildActionMask = 2147483647;
			files = (
			);
			inputFileListPaths = (
				"${PODS_ROOT}/Target Support Files/Pods-DiscoveryApp/Pods-DiscoveryApp-frameworks-${CONFIGURATION}-input-files.xcfilelist",
			);
			name = "[CP] Embed Pods Frameworks";
			outputFileListPaths = (
				"${PODS_ROOT}/Target Support Files/Pods-DiscoveryApp/Pods-DiscoveryApp-frameworks-${CONFIGURATION}-output-files.xcfilelist",
			);
			runOnlyForDeploymentPostprocessing = 0;
			shellPath = /bin/sh;
			shellScript = "\"${PODS_ROOT}/Target Support Files/Pods-DiscoveryApp/Pods-DiscoveryApp-frameworks.sh\"\n";
			showEnvVarsInLog = 0;
		};
		D415235012CEDE07519E23EB /* [CP] Check Pods Manifest.lock */ = {
			isa = PBXShellScriptBuildPhase;
			buildActionMask = 2147483647;
			files = (
			);
			inputFileListPaths = (
			);
			inputPaths = (
				"${PODS_PODFILE_DIR_PATH}/Podfile.lock",
				"${PODS_ROOT}/Manifest.lock",
			);
			name = "[CP] Check Pods Manifest.lock";
			outputFileListPaths = (
			);
			outputPaths = (
				"$(DERIVED_FILE_DIR)/Pods-DiscoveryAppTests-checkManifestLockResult.txt",
			);
			runOnlyForDeploymentPostprocessing = 0;
			shellPath = /bin/sh;
			shellScript = "diff \"${PODS_PODFILE_DIR_PATH}/Podfile.lock\" \"${PODS_ROOT}/Manifest.lock\" > /dev/null\nif [ $? != 0 ] ; then\n    # print error to STDERR\n    echo \"error: The sandbox is not in sync with the Podfile.lock. Run 'pod install' or update your CocoaPods installation.\" >&2\n    exit 1\nfi\n# This output is used by Xcode 'outputs' to avoid re-running this script phase.\necho \"SUCCESS\" > \"${SCRIPT_OUTPUT_FILE_0}\"\n";
			showEnvVarsInLog = 0;
		};
		DE9526F743885F68C23677B6 /* [CP] Check Pods Manifest.lock */ = {
			isa = PBXShellScriptBuildPhase;
			buildActionMask = 2147483647;
			files = (
			);
			inputFileListPaths = (
			);
			inputPaths = (
				"${PODS_PODFILE_DIR_PATH}/Podfile.lock",
				"${PODS_ROOT}/Manifest.lock",
			);
			name = "[CP] Check Pods Manifest.lock";
			outputFileListPaths = (
			);
			outputPaths = (
				"$(DERIVED_FILE_DIR)/Pods-DiscoveryApp-DiscoveryAppUITests-checkManifestLockResult.txt",
			);
			runOnlyForDeploymentPostprocessing = 0;
			shellPath = /bin/sh;
			shellScript = "diff \"${PODS_PODFILE_DIR_PATH}/Podfile.lock\" \"${PODS_ROOT}/Manifest.lock\" > /dev/null\nif [ $? != 0 ] ; then\n    # print error to STDERR\n    echo \"error: The sandbox is not in sync with the Podfile.lock. Run 'pod install' or update your CocoaPods installation.\" >&2\n    exit 1\nfi\n# This output is used by Xcode 'outputs' to avoid re-running this script phase.\necho \"SUCCESS\" > \"${SCRIPT_OUTPUT_FILE_0}\"\n";
			showEnvVarsInLog = 0;
		};
		E5645BE98CFB9C6F36A1F554 /* [CP] Check Pods Manifest.lock */ = {
			isa = PBXShellScriptBuildPhase;
			buildActionMask = 2147483647;
			files = (
			);
			inputFileListPaths = (
			);
			inputPaths = (
				"${PODS_PODFILE_DIR_PATH}/Podfile.lock",
				"${PODS_ROOT}/Manifest.lock",
			);
			name = "[CP] Check Pods Manifest.lock";
			outputFileListPaths = (
			);
			outputPaths = (
				"$(DERIVED_FILE_DIR)/Pods-DiscoveryApp-checkManifestLockResult.txt",
			);
			runOnlyForDeploymentPostprocessing = 0;
			shellPath = /bin/sh;
			shellScript = "diff \"${PODS_PODFILE_DIR_PATH}/Podfile.lock\" \"${PODS_ROOT}/Manifest.lock\" > /dev/null\nif [ $? != 0 ] ; then\n    # print error to STDERR\n    echo \"error: The sandbox is not in sync with the Podfile.lock. Run 'pod install' or update your CocoaPods installation.\" >&2\n    exit 1\nfi\n# This output is used by Xcode 'outputs' to avoid re-running this script phase.\necho \"SUCCESS\" > \"${SCRIPT_OUTPUT_FILE_0}\"\n";
			showEnvVarsInLog = 0;
		};
		EAA8D0712CD8CEB9D85C9F9D /* [CP] Embed Pods Frameworks */ = {
			isa = PBXShellScriptBuildPhase;
			buildActionMask = 2147483647;
			files = (
			);
			inputFileListPaths = (
				"${PODS_ROOT}/Target Support Files/Pods-DiscoveryApp-DiscoveryAppUITests/Pods-DiscoveryApp-DiscoveryAppUITests-frameworks-${CONFIGURATION}-input-files.xcfilelist",
			);
			name = "[CP] Embed Pods Frameworks";
			outputFileListPaths = (
				"${PODS_ROOT}/Target Support Files/Pods-DiscoveryApp-DiscoveryAppUITests/Pods-DiscoveryApp-DiscoveryAppUITests-frameworks-${CONFIGURATION}-output-files.xcfilelist",
			);
			runOnlyForDeploymentPostprocessing = 0;
			shellPath = /bin/sh;
			shellScript = "\"${PODS_ROOT}/Target Support Files/Pods-DiscoveryApp-DiscoveryAppUITests/Pods-DiscoveryApp-DiscoveryAppUITests-frameworks.sh\"\n";
			showEnvVarsInLog = 0;
		};
/* End PBXShellScriptBuildPhase section */

/* Begin PBXSourcesBuildPhase section */
		18244ADD267E0E6A003D382A /* Sources */ = {
			isa = PBXSourcesBuildPhase;
			buildActionMask = 2147483647;
			files = (
				18244AE5267E0E6A003D382A /* AppDelegate.swift in Sources */,
				1865AF3E267E1FF700B2B59E /* APIConfiguration.swift in Sources */,
				18244AE7267E0E6A003D382A /* SceneDelegate.swift in Sources */,
				1865AF4D267E208000B2B59E /* AuthService.swift in Sources */,
				18244B1A267E1338003D382A /* HomeViewController.swift in Sources */,
				18244B23267E17AA003D382A /* HomeViewModel.swift in Sources */,
				1865AF48267E204500B2B59E /* APIRouter.swift in Sources */,
				1865AF52267E209D00B2B59E /* ResponseError.swift in Sources */,
				18244B1F267E167B003D382A /* Value.swift in Sources */,
				1865AF43267E201A00B2B59E /* APIManager.swift in Sources */,
			);
			runOnlyForDeploymentPostprocessing = 0;
		};
		18244AF3267E0E6B003D382A /* Sources */ = {
			isa = PBXSourcesBuildPhase;
			buildActionMask = 2147483647;
			files = (
				18244AFC267E0E6B003D382A /* DiscoveryAppTests.swift in Sources */,
			);
			runOnlyForDeploymentPostprocessing = 0;
		};
		18244AFE267E0E6B003D382A /* Sources */ = {
			isa = PBXSourcesBuildPhase;
			buildActionMask = 2147483647;
			files = (
				18244B07267E0E6B003D382A /* DiscoveryAppUITests.swift in Sources */,
			);
			runOnlyForDeploymentPostprocessing = 0;
		};
/* End PBXSourcesBuildPhase section */

/* Begin PBXTargetDependency section */
		18244AF9267E0E6B003D382A /* PBXTargetDependency */ = {
			isa = PBXTargetDependency;
			target = 18244AE0267E0E6A003D382A /* DiscoveryApp */;
			targetProxy = 18244AF8267E0E6B003D382A /* PBXContainerItemProxy */;
		};
		18244B04267E0E6B003D382A /* PBXTargetDependency */ = {
			isa = PBXTargetDependency;
			target = 18244AE0267E0E6A003D382A /* DiscoveryApp */;
			targetProxy = 18244B03267E0E6B003D382A /* PBXContainerItemProxy */;
		};
/* End PBXTargetDependency section */

/* Begin PBXVariantGroup section */
		18244AEF267E0E6B003D382A /* LaunchScreen.storyboard */ = {
			isa = PBXVariantGroup;
			children = (
				18244AF0267E0E6B003D382A /* Base */,
			);
			name = LaunchScreen.storyboard;
			sourceTree = "<group>";
		};
/* End PBXVariantGroup section */

/* Begin XCBuildConfiguration section */
		18244B09267E0E6B003D382A /* Debug */ = {
			isa = XCBuildConfiguration;
			buildSettings = {
				ALWAYS_SEARCH_USER_PATHS = NO;
				CLANG_ANALYZER_NONNULL = YES;
				CLANG_ANALYZER_NUMBER_OBJECT_CONVERSION = YES_AGGRESSIVE;
				CLANG_CXX_LANGUAGE_STANDARD = "gnu++14";
				CLANG_CXX_LIBRARY = "libc++";
				CLANG_ENABLE_MODULES = YES;
				CLANG_ENABLE_OBJC_ARC = YES;
				CLANG_ENABLE_OBJC_WEAK = YES;
				CLANG_WARN_BLOCK_CAPTURE_AUTORELEASING = YES;
				CLANG_WARN_BOOL_CONVERSION = YES;
				CLANG_WARN_COMMA = YES;
				CLANG_WARN_CONSTANT_CONVERSION = YES;
				CLANG_WARN_DEPRECATED_OBJC_IMPLEMENTATIONS = YES;
				CLANG_WARN_DIRECT_OBJC_ISA_USAGE = YES_ERROR;
				CLANG_WARN_DOCUMENTATION_COMMENTS = YES;
				CLANG_WARN_EMPTY_BODY = YES;
				CLANG_WARN_ENUM_CONVERSION = YES;
				CLANG_WARN_INFINITE_RECURSION = YES;
				CLANG_WARN_INT_CONVERSION = YES;
				CLANG_WARN_NON_LITERAL_NULL_CONVERSION = YES;
				CLANG_WARN_OBJC_IMPLICIT_RETAIN_SELF = YES;
				CLANG_WARN_OBJC_LITERAL_CONVERSION = YES;
				CLANG_WARN_OBJC_ROOT_CLASS = YES_ERROR;
				CLANG_WARN_QUOTED_INCLUDE_IN_FRAMEWORK_HEADER = YES;
				CLANG_WARN_RANGE_LOOP_ANALYSIS = YES;
				CLANG_WARN_STRICT_PROTOTYPES = YES;
				CLANG_WARN_SUSPICIOUS_MOVE = YES;
				CLANG_WARN_UNGUARDED_AVAILABILITY = YES_AGGRESSIVE;
				CLANG_WARN_UNREACHABLE_CODE = YES;
				CLANG_WARN__DUPLICATE_METHOD_MATCH = YES;
				COPY_PHASE_STRIP = NO;
				DEBUG_INFORMATION_FORMAT = dwarf;
				ENABLE_STRICT_OBJC_MSGSEND = YES;
				ENABLE_TESTABILITY = YES;
				GCC_C_LANGUAGE_STANDARD = gnu11;
				GCC_DYNAMIC_NO_PIC = NO;
				GCC_NO_COMMON_BLOCKS = YES;
				GCC_OPTIMIZATION_LEVEL = 0;
				GCC_PREPROCESSOR_DEFINITIONS = (
					"DEBUG=1",
					"$(inherited)",
				);
				GCC_WARN_64_TO_32_BIT_CONVERSION = YES;
				GCC_WARN_ABOUT_RETURN_TYPE = YES_ERROR;
				GCC_WARN_UNDECLARED_SELECTOR = YES;
				GCC_WARN_UNINITIALIZED_AUTOS = YES_AGGRESSIVE;
				GCC_WARN_UNUSED_FUNCTION = YES;
				GCC_WARN_UNUSED_VARIABLE = YES;
				IPHONEOS_DEPLOYMENT_TARGET = 14.5;
				MTL_ENABLE_DEBUG_INFO = INCLUDE_SOURCE;
				MTL_FAST_MATH = YES;
				ONLY_ACTIVE_ARCH = YES;
				SDKROOT = iphoneos;
				SWIFT_ACTIVE_COMPILATION_CONDITIONS = DEBUG;
				SWIFT_OPTIMIZATION_LEVEL = "-Onone";
			};
			name = Debug;
		};
		18244B0A267E0E6B003D382A /* Release */ = {
			isa = XCBuildConfiguration;
			buildSettings = {
				ALWAYS_SEARCH_USER_PATHS = NO;
				CLANG_ANALYZER_NONNULL = YES;
				CLANG_ANALYZER_NUMBER_OBJECT_CONVERSION = YES_AGGRESSIVE;
				CLANG_CXX_LANGUAGE_STANDARD = "gnu++14";
				CLANG_CXX_LIBRARY = "libc++";
				CLANG_ENABLE_MODULES = YES;
				CLANG_ENABLE_OBJC_ARC = YES;
				CLANG_ENABLE_OBJC_WEAK = YES;
				CLANG_WARN_BLOCK_CAPTURE_AUTORELEASING = YES;
				CLANG_WARN_BOOL_CONVERSION = YES;
				CLANG_WARN_COMMA = YES;
				CLANG_WARN_CONSTANT_CONVERSION = YES;
				CLANG_WARN_DEPRECATED_OBJC_IMPLEMENTATIONS = YES;
				CLANG_WARN_DIRECT_OBJC_ISA_USAGE = YES_ERROR;
				CLANG_WARN_DOCUMENTATION_COMMENTS = YES;
				CLANG_WARN_EMPTY_BODY = YES;
				CLANG_WARN_ENUM_CONVERSION = YES;
				CLANG_WARN_INFINITE_RECURSION = YES;
				CLANG_WARN_INT_CONVERSION = YES;
				CLANG_WARN_NON_LITERAL_NULL_CONVERSION = YES;
				CLANG_WARN_OBJC_IMPLICIT_RETAIN_SELF = YES;
				CLANG_WARN_OBJC_LITERAL_CONVERSION = YES;
				CLANG_WARN_OBJC_ROOT_CLASS = YES_ERROR;
				CLANG_WARN_QUOTED_INCLUDE_IN_FRAMEWORK_HEADER = YES;
				CLANG_WARN_RANGE_LOOP_ANALYSIS = YES;
				CLANG_WARN_STRICT_PROTOTYPES = YES;
				CLANG_WARN_SUSPICIOUS_MOVE = YES;
				CLANG_WARN_UNGUARDED_AVAILABILITY = YES_AGGRESSIVE;
				CLANG_WARN_UNREACHABLE_CODE = YES;
				CLANG_WARN__DUPLICATE_METHOD_MATCH = YES;
				COPY_PHASE_STRIP = NO;
				DEBUG_INFORMATION_FORMAT = "dwarf-with-dsym";
				ENABLE_NS_ASSERTIONS = NO;
				ENABLE_STRICT_OBJC_MSGSEND = YES;
				GCC_C_LANGUAGE_STANDARD = gnu11;
				GCC_NO_COMMON_BLOCKS = YES;
				GCC_WARN_64_TO_32_BIT_CONVERSION = YES;
				GCC_WARN_ABOUT_RETURN_TYPE = YES_ERROR;
				GCC_WARN_UNDECLARED_SELECTOR = YES;
				GCC_WARN_UNINITIALIZED_AUTOS = YES_AGGRESSIVE;
				GCC_WARN_UNUSED_FUNCTION = YES;
				GCC_WARN_UNUSED_VARIABLE = YES;
				IPHONEOS_DEPLOYMENT_TARGET = 14.5;
				MTL_ENABLE_DEBUG_INFO = NO;
				MTL_FAST_MATH = YES;
				SDKROOT = iphoneos;
				SWIFT_COMPILATION_MODE = wholemodule;
				SWIFT_OPTIMIZATION_LEVEL = "-O";
				VALIDATE_PRODUCT = YES;
			};
			name = Release;
		};
		18244B0C267E0E6B003D382A /* Debug */ = {
			isa = XCBuildConfiguration;
			baseConfigurationReference = 32170CD82B62959AF9DE74BE /* Pods-DiscoveryApp.debug.xcconfig */;
			buildSettings = {
				ASSETCATALOG_COMPILER_APPICON_NAME = AppIcon;
				ASSETCATALOG_COMPILER_GLOBAL_ACCENT_COLOR_NAME = AccentColor;
				CODE_SIGN_STYLE = Automatic;
				DEVELOPMENT_TEAM = 5KKMTY5A4D;
				INFOPLIST_FILE = DiscoveryApp/Info.plist;
				LD_RUNPATH_SEARCH_PATHS = (
					"$(inherited)",
					"@executable_path/Frameworks",
				);
				PRODUCT_BUNDLE_IDENTIFIER = com.luunguyenduc1995.DiscoveryApp;
				PRODUCT_NAME = "$(TARGET_NAME)";
				SWIFT_VERSION = 5.0;
				TARGETED_DEVICE_FAMILY = "1,2";
			};
			name = Debug;
		};
		18244B0D267E0E6B003D382A /* Release */ = {
			isa = XCBuildConfiguration;
			baseConfigurationReference = C93BDBD4CCE3F8BD6A0EFA52 /* Pods-DiscoveryApp.release.xcconfig */;
			buildSettings = {
				ASSETCATALOG_COMPILER_APPICON_NAME = AppIcon;
				ASSETCATALOG_COMPILER_GLOBAL_ACCENT_COLOR_NAME = AccentColor;
				CODE_SIGN_STYLE = Automatic;
				DEVELOPMENT_TEAM = 5KKMTY5A4D;
				INFOPLIST_FILE = DiscoveryApp/Info.plist;
				LD_RUNPATH_SEARCH_PATHS = (
					"$(inherited)",
					"@executable_path/Frameworks",
				);
				PRODUCT_BUNDLE_IDENTIFIER = com.luunguyenduc1995.DiscoveryApp;
				PRODUCT_NAME = "$(TARGET_NAME)";
				SWIFT_VERSION = 5.0;
				TARGETED_DEVICE_FAMILY = "1,2";
			};
			name = Release;
		};
		18244B0F267E0E6B003D382A /* Debug */ = {
			isa = XCBuildConfiguration;
			baseConfigurationReference = E9403CD246930ECA0A4C6166 /* Pods-DiscoveryAppTests.debug.xcconfig */;
			buildSettings = {
				ALWAYS_EMBED_SWIFT_STANDARD_LIBRARIES = YES;
				BUNDLE_LOADER = "$(TEST_HOST)";
				CODE_SIGN_STYLE = Automatic;
				DEVELOPMENT_TEAM = 5KKMTY5A4D;
				INFOPLIST_FILE = DiscoveryAppTests/Info.plist;
				IPHONEOS_DEPLOYMENT_TARGET = 14.5;
				LD_RUNPATH_SEARCH_PATHS = (
					"$(inherited)",
					"@executable_path/Frameworks",
					"@loader_path/Frameworks",
				);
				PRODUCT_BUNDLE_IDENTIFIER = com.luunguyenduc1995.DiscoveryAppTests;
				PRODUCT_NAME = "$(TARGET_NAME)";
				SWIFT_VERSION = 5.0;
				TARGETED_DEVICE_FAMILY = "1,2";
				TEST_HOST = "$(BUILT_PRODUCTS_DIR)/DiscoveryApp.app/DiscoveryApp";
			};
			name = Debug;
		};
		18244B10267E0E6B003D382A /* Release */ = {
			isa = XCBuildConfiguration;
			baseConfigurationReference = 7C22181553212072B64470A0 /* Pods-DiscoveryAppTests.release.xcconfig */;
			buildSettings = {
				ALWAYS_EMBED_SWIFT_STANDARD_LIBRARIES = YES;
				BUNDLE_LOADER = "$(TEST_HOST)";
				CODE_SIGN_STYLE = Automatic;
				DEVELOPMENT_TEAM = 5KKMTY5A4D;
				INFOPLIST_FILE = DiscoveryAppTests/Info.plist;
				IPHONEOS_DEPLOYMENT_TARGET = 14.5;
				LD_RUNPATH_SEARCH_PATHS = (
					"$(inherited)",
					"@executable_path/Frameworks",
					"@loader_path/Frameworks",
				);
				PRODUCT_BUNDLE_IDENTIFIER = com.luunguyenduc1995.DiscoveryAppTests;
				PRODUCT_NAME = "$(TARGET_NAME)";
				SWIFT_VERSION = 5.0;
				TARGETED_DEVICE_FAMILY = "1,2";
				TEST_HOST = "$(BUILT_PRODUCTS_DIR)/DiscoveryApp.app/DiscoveryApp";
			};
			name = Release;
		};
		18244B12267E0E6B003D382A /* Debug */ = {
			isa = XCBuildConfiguration;
			baseConfigurationReference = 0DAC2336E97505692F8D6B40 /* Pods-DiscoveryApp-DiscoveryAppUITests.debug.xcconfig */;
			buildSettings = {
				ALWAYS_EMBED_SWIFT_STANDARD_LIBRARIES = YES;
				CODE_SIGN_STYLE = Automatic;
				DEVELOPMENT_TEAM = 5KKMTY5A4D;
				INFOPLIST_FILE = DiscoveryAppUITests/Info.plist;
				LD_RUNPATH_SEARCH_PATHS = (
					"$(inherited)",
					"@executable_path/Frameworks",
					"@loader_path/Frameworks",
				);
				PRODUCT_BUNDLE_IDENTIFIER = com.luunguyenduc1995.DiscoveryAppUITests;
				PRODUCT_NAME = "$(TARGET_NAME)";
				SWIFT_VERSION = 5.0;
				TARGETED_DEVICE_FAMILY = "1,2";
				TEST_TARGET_NAME = DiscoveryApp;
			};
			name = Debug;
		};
		18244B13267E0E6B003D382A /* Release */ = {
			isa = XCBuildConfiguration;
			baseConfigurationReference = 54B3DC8461C05A11576243A6 /* Pods-DiscoveryApp-DiscoveryAppUITests.release.xcconfig */;
			buildSettings = {
				ALWAYS_EMBED_SWIFT_STANDARD_LIBRARIES = YES;
				CODE_SIGN_STYLE = Automatic;
				DEVELOPMENT_TEAM = 5KKMTY5A4D;
				INFOPLIST_FILE = DiscoveryAppUITests/Info.plist;
				LD_RUNPATH_SEARCH_PATHS = (
					"$(inherited)",
					"@executable_path/Frameworks",
					"@loader_path/Frameworks",
				);
				PRODUCT_BUNDLE_IDENTIFIER = com.luunguyenduc1995.DiscoveryAppUITests;
				PRODUCT_NAME = "$(TARGET_NAME)";
				SWIFT_VERSION = 5.0;
				TARGETED_DEVICE_FAMILY = "1,2";
				TEST_TARGET_NAME = DiscoveryApp;
			};
			name = Release;
		};
/* End XCBuildConfiguration section */

/* Begin XCConfigurationList section */
		18244ADC267E0E6A003D382A /* Build configuration list for PBXProject "DiscoveryApp" */ = {
			isa = XCConfigurationList;
			buildConfigurations = (
				18244B09267E0E6B003D382A /* Debug */,
				18244B0A267E0E6B003D382A /* Release */,
			);
			defaultConfigurationIsVisible = 0;
			defaultConfigurationName = Release;
		};
		18244B0B267E0E6B003D382A /* Build configuration list for PBXNativeTarget "DiscoveryApp" */ = {
			isa = XCConfigurationList;
			buildConfigurations = (
				18244B0C267E0E6B003D382A /* Debug */,
				18244B0D267E0E6B003D382A /* Release */,
			);
			defaultConfigurationIsVisible = 0;
			defaultConfigurationName = Release;
		};
		18244B0E267E0E6B003D382A /* Build configuration list for PBXNativeTarget "DiscoveryAppTests" */ = {
			isa = XCConfigurationList;
			buildConfigurations = (
				18244B0F267E0E6B003D382A /* Debug */,
				18244B10267E0E6B003D382A /* Release */,
			);
			defaultConfigurationIsVisible = 0;
			defaultConfigurationName = Release;
		};
		18244B11267E0E6B003D382A /* Build configuration list for PBXNativeTarget "DiscoveryAppUITests" */ = {
			isa = XCConfigurationList;
			buildConfigurations = (
				18244B12267E0E6B003D382A /* Debug */,
				18244B13267E0E6B003D382A /* Release */,
			);
			defaultConfigurationIsVisible = 0;
			defaultConfigurationName = Release;
		};
/* End XCConfigurationList section */
	};
	rootObject = 18244AD9267E0E6A003D382A /* Project object */;
}
